{
  "name": "nextn",
  "version": "0.1.0",
  "lockfileVersion": 3,
  "requires": true,
  "packages": {
    "": {
      "name": "nextn",
      "version": "0.1.0",
      "private": true,
      "dependencies": {
        "@genkit-ai/google-genai": "^1.20.0",
        "@genkit-ai/next": "^1.20.0",
        "@hookform/resolvers": "^4.1.3",
        "@radix-ui/react-accordion": "^1.2.3",
        "@radix-ui/react-alert-dialog": "^1.1.6",
        "@radix-ui/react-avatar": "^1.1.3",
        "@radix-ui/react-checkbox": "^1.1.4",
        "@radix-ui/react-collapsible": "^1.1.11",
        "@radix-ui/react-dialog": "^1.1.6",
        "@radix-ui/react-dropdown-menu": "^2.1.6",
        "@radix-ui/react-label": "^2.1.2",
        "@radix-ui/react-menubar": "^1.1.6",
        "@radix-ui/react-popover": "^1.1.6",
        "@radix-ui/react-progress": "^1.1.2",
        "@radix-ui/react-radio-group": "^1.2.3",
        "@radix-ui/react-scroll-area": "^1.2.3",
        "@radix-ui/react-select": "^2.1.6",
        "@radix-ui/react-separator": "^1.1.2",
        "@radix-ui/react-slider": "^1.2.3",
        "@radix-ui/react-slot": "^1.2.3",
        "@radix-ui/react-switch": "^1.1.3",
        "@radix-ui/react-tabs": "^1.1.3",
        "@radix-ui/react-toast": "^1.2.6",
        "@radix-ui/react-tooltip": "^1.1.8",
        "class-variance-authority": "^0.7.1",
        "clsx": "^2.1.1",
        "date-fns": "^3.6.0",
        "dotenv": "^16.5.0",
        "embla-carousel-autoplay": "^8.6.0",
        "embla-carousel-react": "^8.6.0",
        "firebase": "^11.9.1",
        "fuse.js": "^7.0.0",
        "genkit": "^1.20.0",
        "gsap": "^3.12.5",
        "leaflet": "^1.9.4",
        "lucide-react": "^0.475.0",
        "next": "15.3.8",
        "next-themes": "^0.3.0",
        "ogl": "^0.0.109",
        "papaparse": "^5.4.1",
        "patch-package": "^8.0.0",
        "qrcode.react": "^3.1.0",
        "react": "^18.3.1",
        "react-day-picker": "^8.10.1",
        "react-dom": "^18.3.1",
        "react-hook-form": "^7.54.2",
        "recharts": "^2.15.1",
        "resize-observer-polyfill": "^1.5.1",
        "tailwind-merge": "^3.0.1",
        "tailwindcss-animate": "^1.0.7",
        "wav": "^1.0.2",
        "zod": "^3.24.2"
      },
      "devDependencies": {
        "@types/leaflet": "^1.9.12",
        "@types/node": "^20",
        "@types/papaparse": "^5.3.14",
        "@types/qrcode.react": "^1.0.5",
        "@types/react": "^18",
        "@types/react-dom": "^18",
        "genkit-cli": "^1.20.0",
        "postcss": "^8",
        "tailwindcss": "^3.4.1",
        "typescript": "^5"
      }
    },
    "node_modules/@hookform/resolvers": {
      "version": "4.1.3",
      "resolved": "https://registry.npmjs.org/@hookform/resolvers/-/resolvers-4.1.3.tgz",
      "integrity": "sha512-INbAdD4oXwA5eWsc5P+wF9n83X2I/Gk9FUPJkPzPPl+y5J6XG3x5iTSRT1L3S33YxKk53y/+r2o/LgYtB/LwKA==",
      "peerDependencies": {
        "@angular/forms": ">=14.0.0",
        "@angular/core": ">=14.0.0",
        "react-hook-form": ">=7.51.0",
        "zod": ">=3.0.0"
      },
      "peerDependenciesMeta": {
        "@angular/core": {
          "optional": true
        },
        "@angular/forms": {
          "optional": true
        },
        "zod": {
          "optional": true
        }
      }
    },
    "node_modules/@radix-ui/react-accordion": {
      "version": "1.2.3",
      "resolved": "https://registry.npmjs.org/@radix-ui/react-accordion/-/react-accordion-1.2.3.tgz",
      "integrity": "sha512-yC2d1Q4S/YmJ2GvRBt6tKSPaL0Jk+5D/L2n33K/v5C7R/O/RfY1T6XkGkWPPSV/836H24dY8a74kG7X/5B7sEw==",
      "dependencies": {
        "@radix-ui/primitive": "1.1.2",
        "@radix-ui/react-compose-refs": "1.1.2",
        "@radix-ui/react-context": "1.1.2",
        "@radix-ui/react-primitive": "1.1.2",
        "@radix-ui/react-slot": "1.1.2"
      },
      "peerDependencies": {
        "react": "^16.8 || ^17.0 || ^18.0 || ^19.0"
      }
    },
    "node_modules/@radix-ui/react-alert-dialog": {
      "version": "1.1.6",
      "resolved": "https://registry.npmjs.org/@radix-ui/react-alert-dialog/-/react-alert-dialog-1.1.6.tgz",
      "integrity": "sha512-O71J6JjZ4Jb9c24A6gA+zBwYjscTMAQg+zRj0L9sS62/A7i4iQZ584C8bH7yAU1p9Ff3D43+KGSzF58n64U8Sg==",
      "dependencies": {
        "@radix-ui/primitive": "1.1.2",
        "@radix-ui/react-compose-refs": "1.1.2",
        "@radix-ui/react-dialog": "1.1.6",
        "@radix-ui/react-primitive": "1.1.2"
      },
      "peerDependencies": {
        "react": "^16.8 || ^17.0 || ^18.0 || ^19.0"
      }
    },
    "node_modules/@radix-ui/react-avatar": {
      "version": "1.1.3",
      "resolved": "https://registry.npmjs.org/@radix-ui/react-avatar/-/react-avatar-1.1.3.tgz",
      "integrity": "sha512-SgqR1O9H9MmVG/s2sDwd22wBfCjLmW/14p6wY6uU3jL+bT3Z1P5k4D6+jTPlbBTaPsFmxt6P5jA8P+W3u7Mvjg==",
      "dependencies": {
        "@radix-ui/primitive": "1.1.2",
        "@radix-ui/react-context": "1.1.2",
        "@radix-ui/react-primitive": "1.1.2",
        "@radix-ui/react-slot": "1.1.2"
      },
      "peerDependencies": {
        "react": "^16.8 || ^17.0 || ^18.0 || ^19.0"
      }
    },
    "node_modules/@radix-ui/react-checkbox": {
      "version": "1.1.4",
      "resolved": "https://registry.npmjs.org/@radix-ui/react-checkbox/-/react-checkbox-1.1.4.tgz",
      "integrity": "sha512-n3155NQV7r2D1e/jNoVj5hQe9pG+nF7M+Q+GzLhE3mQ3QyvxYxL8g9MtpkHBC7d+89hCq0jKxIe1nJjK+CgJBA==",
      "dependencies": {
        "@radix-ui/primitive": "1.1.2",
        "@radix-ui/react-primitive": "1.1.2",
        "@radix-ui/react-slot": "1.1.2"
      },
      "peerDependencies": {
        "react": "^16.8 || ^17.0 || ^18.0 || ^19.0"
      }
    },
    "node_modules/@radix-ui/react-collapsible": {
      "version": "1.1.11",
      "resolved": "https://registry.npmjs.org/@radix-ui/react-collapsible/-/react-collapsible-1.1.11.tgz",
      "integrity": "sha512-i+eKx3pUa+wW4j6mU0jK9eQ208TcFSH+q8fVj1I/+QJv7/hD0NfH982Q/2/vX9YJgqYx1WzK4Ea533q7xG+v4Q==",
      "dependencies": {
        "@radix-ui/primitive": "1.1.2",
        "@radix-ui/react-compose-refs": "1.1.2",
        "@radix-ui/react-primitive": "1.1.2",
        "@radix-ui/react-slot": "1.1.2"
      },
      "peerDependencies": {
        "react": "^16.8 || ^17.0 || ^18.0 || ^19.0"
      }
    },
    "node_modules/@radix-ui/react-dialog": {
      "version": "1.1.6",
      "resolved": "https://registry.npmjs.org/@radix-ui/react-dialog/-/react-dialog-1.1.6.tgz",
      "integrity": "sha512-S+7Qh1C0DbgXb9iWfP0Yh13e+P37KxKx31+J53b84+J96P3h1C3lQ0n3LwW6rKAmI3+xY9Jz0yG9I5XJ9/fPA==",
      "dependencies": {
        "@radix-ui/primitive": "1.1.2",
        "@radix-ui/react-compose-refs": "1.1.2",
        "@radix-ui/react-context": "1.1.2",
        "@radix-ui/react-dismissable-layer": "1.1.6",
        "@radix-ui/react-focus-scope": "1.1.5",
        "@radix-ui/react-focus-trap": "1.1.5",
        "@radix-ui/react-portal": "1.1.5",
        "@radix-ui/react-primitive": "1.1.2",
        "@radix-ui/react-slot": "1.1.2",
        "@radix-ui/react-visually-hidden": "1.1.2",
        "aria-hidden": "1.2.4",
        "react-remove-scroll": "2.5.10"
      },
      "peerDependencies": {
        "react": "^16.8 || ^17.0 || ^18.0 || ^19.0",
        "react-dom": "^16.8 || ^17.0 || ^18.0 || ^19.0"
      }
    },
    "node_modules/embla-carousel-autoplay": {
      "version": "8.6.0",
      "resolved": "https://registry.npmjs.org/embla-carousel-autoplay/-/embla-carousel-autoplay-8.6.0.tgz",
      "integrity": "sha512-YI6V/U4S1o0+L1hEky9U9uF4sVklkDR2jL8601GjxB/JDX62j5T+7GkYJ+7rJc5Gv5T/i7s3n90Cj8TqLz9/7w==",
      "peerDependencies": {
        "embla-carousel": "8.6.0"
      }
    },
    "node_modules/embla-carousel-react": {
      "version": "8.6.0",
      "resolved": "https://registry.npmjs.org/embla-carousel-react/-/embla-carousel-react-8.6.0.tgz",
      "integrity": "sha512-pU3fS/l6d2A73sEa1iX2YqK0f3t9e3s5v87/7b58i23O52bS5A++x0xXqadGj8QJCYN8o5G5r8kPgk/qf24qg==",
      "peerDependencies": {
        "embla-carousel": "8.6.0",
        "react": "^16.8.0 || ^17.0.0 || ^18.0.0"
      }
    },
    "node_modules/fuse.js": {
      "version": "7.0.0",
      "resolved": "https://registry.npmjs.org/fuse.js/-/fuse.js-7.0.0.tgz",
      "integrity": "sha512-11Dq2xIe4yWj22G5vG5W3x7+l/hK1N3pL3m/s+c/33sO/f8jsyv1xNf1UkxGf+m93w3s3fGz5V3gJQ==",
      "engines": {
        "node": ">=12"
      }
    },
    "node_modules/papaparse": {
      "version": "5.4.1",
      "resolved": "https://registry.npmjs.org/papaparse/-/papaparse-5.4.1.tgz",
      "integrity": "sha512-Hip9WNzJg+2hWqQm1gZ+sP+A/sKV/aI5m/iJb7A3ex+5C3s3f/p/3b1e/hWn/d7iA+sHw9gH+S+nE7+q+0v5w=="
    },
    "node_modules/wav": {
      "version": "1.0.2",
      "resolved": "https://registry.npmjs.org/wav/-/wav-1.0.2.tgz",
      "integrity": "sha512-ViYJk/6sAb+PevWv3hheCqVp9cHyf3x23s2j2D4g3xD6k0MK8a/uG2Zt5sKu93r9VzCgMt3B/sAM+xYv/SgY/w==",
      "engines": {
        "node": ">=0.10.0"
      }
    },
    "node_modules/@types/papaparse": {
      "version": "5.3.14",
      "resolved": "https://registry.npmjs.org/@types/papaparse/-/papaparse-5.3.14.tgz",
      "integrity": "sha512-TrHqb+3xNza52xGj28i5d+hWyWRfY+2/hLYrLgN+JxgIdqTDAo4vkP4vYxGv5+7kI3bXKjRjW4j4g62z2w8xCA=="
    }
  }
}
